
Microsoft Visual Studio Solution File, Format Version 12.00
# Visual Studio 15
Project("{FAE04EC0-301F-11D3-BF4B-00C04F79EFBC}") = "Oculus.Platform", "Oculus.Platform.csproj", "{DD1509BE-E3F0-2D10-0887-0894DA474BED}"
EndProject
Project("{FAE04EC0-301F-11D3-BF4B-00C04F79EFBC}") = "Assembly-CSharp", "Assembly-CSharp.csproj", "{6C3C765F-2C7B-8021-3E88-2F9CD43582FF}"
EndProject
Project("{FAE04EC0-301F-11D3-BF4B-00C04F79EFBC}") = "Oculus.Spatializer", "Oculus.Spatializer.csproj", "{059245A9-801F-A573-D1FE-9121B73A451A}"
EndProject
Project("{FAE04EC0-301F-11D3-BF4B-00C04F79EFBC}") = "Oculus.Interaction", "Oculus.Interaction.csproj", "{AECEEED0-8195-3C85-0FB3-662B17CB60B7}"
EndProject
Project("{FAE04EC0-301F-11D3-BF4B-00C04F79EFBC}") = "Facebook.WitAI", "Facebook.WitAI.csproj", "{4E08CE9B-DA62-2E97-4829-C1F156708CC2}"
EndProject
Project("{FAE04EC0-301F-11D3-BF4B-00C04F79EFBC}") = "PhotonUnityNetworking.Demos", "PhotonUnityNetworking.Demos.csproj", "{69D07338-C8BC-6DC5-228E-515F472F7360}"
EndProject
Project("{FAE04EC0-301F-11D3-BF4B-00C04F79EFBC}") = "Oculus.VR", "Oculus.VR.csproj", "{B8688A36-6374-74C7-B5BF-53370F8F5701}"
EndProject
Project("{FAE04EC0-301F-11D3-BF4B-00C04F79EFBC}") = "Oculus.Interaction.Samples", "Oculus.Interaction.Samples.csproj", "{DF5F495D-793A-6D21-166F-17D84D0DEA2F}"
EndProject
Project("{FAE04EC0-301F-11D3-BF4B-00C04F79EFBC}") = "PhotonRealtime", "PhotonRealtime.csproj", "{7D924593-E6A3-DF78-8357-F75ECFCB1E5D}"
EndProject
Project("{FAE04EC0-301F-11D3-BF4B-00C04F79EFBC}") = "Facebook.Wit.TTS", "Facebook.Wit.TTS.csproj", "{232349D9-E81B-6697-07DF-7DCFCBFB0950}"
EndProject
Project("{FAE04EC0-301F-11D3-BF4B-00C04F79EFBC}") = "Oculus.AudioManager", "Oculus.AudioManager.csproj", "{2A24AAA5-CA46-8B17-3D5E-FEEC1EF1B11A}"
EndProject
Project("{FAE04EC0-301F-11D3-BF4B-00C04F79EFBC}") = "PhotonUnityNetworking", "PhotonUnityNetworking.csproj", "{B08E4E5B-6238-3B34-6499-6C8A5E5DE8D4}"
EndProject
Project("{FAE04EC0-301F-11D3-BF4B-00C04F79EFBC}") = "VoiceSDK.Runtime", "VoiceSDK.Runtime.csproj", "{92BB55CC-A2EB-6D3F-5C87-71A82DF9BBE3}"
EndProject
Project("{FAE04EC0-301F-11D3-BF4B-00C04F79EFBC}") = "PhotonUnityNetworking.Utilities", "PhotonUnityNetworking.Utilities.csproj", "{F7A82F8C-4372-ADE8-A39F-759FF102EEDA}"
EndProject
Project("{FAE04EC0-301F-11D3-BF4B-00C04F79EFBC}") = "Oculus.Voice.Demo", "Oculus.Voice.Demo.csproj", "{84ADAF1B-F5CD-F2F4-E9C9-D7E09118154C}"
EndProject
Project("{FAE04EC0-301F-11D3-BF4B-00C04F79EFBC}") = "AssistantCoreSDKRuntime", "AssistantCoreSDKRuntime.csproj", "{5F373CD8-3C06-26C1-3F62-F35C39790642}"
EndProject
Project("{FAE04EC0-301F-11D3-BF4B-00C04F79EFBC}") = "LitJson", "LitJson.csproj", "{39E484A0-46ED-029F-84E7-8D3395826604}"
EndProject
Project("{FAE04EC0-301F-11D3-BF4B-00C04F79EFBC}") = "Facebook.Wit.Conduit", "Facebook.Wit.Conduit.csproj", "{0629B789-72A1-60E7-E253-562F401E0387}"
EndProject
Project("{FAE04EC0-301F-11D3-BF4B-00C04F79EFBC}") = "Oculus.LipSync", "Oculus.LipSync.csproj", "{FCB6AA48-DEFA-C386-84AB-3BE00B6A58D9}"
EndProject
Project("{FAE04EC0-301F-11D3-BF4B-00C04F79EFBC}") = "PhotonChat", "PhotonChat.csproj", "{201A6619-9DF5-0287-5A64-8833C4C52ABD}"
EndProject
Project("{FAE04EC0-301F-11D3-BF4B-00C04F79EFBC}") = "Facebook.Wit.TTS.Samples", "Facebook.Wit.TTS.Samples.csproj", "{887851F2-53BB-5B82-1836-71DD22395AD2}"
EndProject
Project("{FAE04EC0-301F-11D3-BF4B-00C04F79EFBC}") = "Facebook.Wit.Editor", "Facebook.Wit.Editor.csproj", "{78B11AE5-31F6-58E7-7FDE-C91442E4CBE2}"
EndProject
Project("{FAE04EC0-301F-11D3-BF4B-00C04F79EFBC}") = "PhotonUnityNetworking.Editor", "PhotonUnityNetworking.Editor.csproj", "{EFDCA66A-BD2D-9C99-31CD-A22150F9A864}"
EndProject
Project("{FAE04EC0-301F-11D3-BF4B-00C04F79EFBC}") = "Oculus.Interaction.Editor", "Oculus.Interaction.Editor.csproj", "{4FC50A30-652A-13BA-E596-0EF34F013BEC}"
EndProject
Project("{FAE04EC0-301F-11D3-BF4B-00C04F79EFBC}") = "Facebook.Wit.Conduit.Editor", "Facebook.Wit.Conduit.Editor.csproj", "{0E111239-1848-1444-11E2-C6A2DFEDF979}"
EndProject
Project("{FAE04EC0-301F-11D3-BF4B-00C04F79EFBC}") = "Assembly-CSharp-Editor", "Assembly-CSharp-Editor.csproj", "{B436B205-3FFD-C30F-5CCF-456863A61CFB}"
EndProject
Project("{FAE04EC0-301F-11D3-BF4B-00C04F79EFBC}") = "Oculus.Interaction.Samples.Editor", "Oculus.Interaction.Samples.Editor.csproj", "{B36854BC-168B-62B6-2469-1C4BAD23BE75}"
EndProject
Project("{FAE04EC0-301F-11D3-BF4B-00C04F79EFBC}") = "Oculus.VR.Editor", "Oculus.VR.Editor.csproj", "{3829E026-4F7D-625F-74A1-1E35F5E0A3F8}"
EndProject
Project("{FAE04EC0-301F-11D3-BF4B-00C04F79EFBC}") = "VoiceSDK.Editor", "VoiceSDK.Editor.csproj", "{D9D67097-3EEC-05B9-9F3C-962740F9310A}"
EndProject
Project("{FAE04EC0-301F-11D3-BF4B-00C04F79EFBC}") = "Facebook.Wit.TTS.Editor", "Facebook.Wit.TTS.Editor.csproj", "{4BB84D1D-AB1A-FB5C-9C5E-348767804080}"
EndProject
Project("{FAE04EC0-301F-11D3-BF4B-00C04F79EFBC}") = "PhotonUnityNetworking.Utilities.PhotonPlayer.Editor", "PhotonUnityNetworking.Utilities.PhotonPlayer.Editor.csproj", "{116A407D-D7BB-19FE-BD0E-CBA518010CE6}"
EndProject
Project("{FAE04EC0-301F-11D3-BF4B-00C04F79EFBC}") = "Oculus.Platform.Editor", "Oculus.Platform.Editor.csproj", "{C75660EE-8FC1-3CCD-D028-6CE031FCA1EE}"
EndProject
Project("{FAE04EC0-301F-11D3-BF4B-00C04F79EFBC}") = "Oculus.Spatializer.Editor", "Oculus.Spatializer.Editor.csproj", "{803DDE4E-0BE2-933A-7A4B-14FEAB0D65DC}"
EndProject
Project("{FAE04EC0-301F-11D3-BF4B-00C04F79EFBC}") = "PunDemos.DemoSlotcarEditor", "PunDemos.DemoSlotcarEditor.csproj", "{BA276C96-79DE-4735-67C8-5477FAA6B09A}"
EndProject
Project("{FAE04EC0-301F-11D3-BF4B-00C04F79EFBC}") = "Oculus.AudioManager.Audio.Editor", "Oculus.AudioManager.Audio.Editor.csproj", "{EF980567-3753-C8D0-100C-59704CE71E92}"
EndProject
Project("{FAE04EC0-301F-11D3-BF4B-00C04F79EFBC}") = "Oculus.Interaction.InterfaceSupport", "Oculus.Interaction.InterfaceSupport.csproj", "{A99750F0-B838-6F48-4B90-B170E5960F53}"
EndProject
Project("{FAE04EC0-301F-11D3-BF4B-00C04F79EFBC}") = "Oculus.VR.Scripts.Editor", "Oculus.VR.Scripts.Editor.csproj", "{7E1D3D9F-B8AB-7E0F-4649-721987A80402}"
EndProject
Project("{FAE04EC0-301F-11D3-BF4B-00C04F79EFBC}") = "Oculus.LipSync.Editor", "Oculus.LipSync.Editor.csproj", "{6A796F51-F7F5-6DFC-5B07-DF2035545FF2}"
EndProject
Project("{FAE04EC0-301F-11D3-BF4B-00C04F79EFBC}") = "PhotonUnityNetworking.Utilities.Culling.Editor", "PhotonUnityNetworking.Utilities.Culling.Editor.csproj", "{A25341D9-C2FE-0444-4BF6-41010C09984C}"
EndProject
Project("{FAE04EC0-301F-11D3-BF4B-00C04F79EFBC}") = "PunDemos.DemoHubEditor", "PunDemos.DemoHubEditor.csproj", "{46662434-606A-49B9-281B-0BF56518D828}"
EndProject
Project("{FAE04EC0-301F-11D3-BF4B-00C04F79EFBC}") = "AssistantCoreSDKEditor", "AssistantCoreSDKEditor.csproj", "{634874B9-5853-5FC3-0CAD-7CE8BB88A230}"
EndProject
Project("{FAE04EC0-301F-11D3-BF4B-00C04F79EFBC}") = "Oculus.AudioManager.Utils.Editor", "Oculus.AudioManager.Utils.Editor.csproj", "{A72EAE78-995F-5504-15CD-6F618CD0CBC3}"
EndProject
Global
	GlobalSection(SolutionConfigurationPlatforms) = preSolution
		Debug|Any CPU = Debug|Any CPU
		Release|Any CPU = Release|Any CPU
	EndGlobalSection
	GlobalSection(ProjectConfigurationPlatforms) = postSolution
		{DD1509BE-E3F0-2D10-0887-0894DA474BED}.Debug|Any CPU.ActiveCfg = Debug|Any CPU
		{DD1509BE-E3F0-2D10-0887-0894DA474BED}.Debug|Any CPU.Build.0 = Debug|Any CPU
		{DD1509BE-E3F0-2D10-0887-0894DA474BED}.Release|Any CPU.ActiveCfg = Release|Any CPU
		{DD1509BE-E3F0-2D10-0887-0894DA474BED}.Release|Any CPU.Build.0 = Release|Any CPU
		{6C3C765F-2C7B-8021-3E88-2F9CD43582FF}.Debug|Any CPU.ActiveCfg = Debug|Any CPU
		{6C3C765F-2C7B-8021-3E88-2F9CD43582FF}.Debug|Any CPU.Build.0 = Debug|Any CPU
		{6C3C765F-2C7B-8021-3E88-2F9CD43582FF}.Release|Any CPU.ActiveCfg = Release|Any CPU
		{6C3C765F-2C7B-8021-3E88-2F9CD43582FF}.Release|Any CPU.Build.0 = Release|Any CPU
		{059245A9-801F-A573-D1FE-9121B73A451A}.Debug|Any CPU.ActiveCfg = Debug|Any CPU
		{059245A9-801F-A573-D1FE-9121B73A451A}.Debug|Any CPU.Build.0 = Debug|Any CPU
		{059245A9-801F-A573-D1FE-9121B73A451A}.Release|Any CPU.ActiveCfg = Release|Any CPU
		{059245A9-801F-A573-D1FE-9121B73A451A}.Release|Any CPU.Build.0 = Release|Any CPU
		{AECEEED0-8195-3C85-0FB3-662B17CB60B7}.Debug|Any CPU.ActiveCfg = Debug|Any CPU
		{AECEEED0-8195-3C85-0FB3-662B17CB60B7}.Debug|Any CPU.Build.0 = Debug|Any CPU
		{AECEEED0-8195-3C85-0FB3-662B17CB60B7}.Release|Any CPU.ActiveCfg = Release|Any CPU
		{AECEEED0-8195-3C85-0FB3-662B17CB60B7}.Release|Any CPU.Build.0 = Release|Any CPU
		{4E08CE9B-DA62-2E97-4829-C1F156708CC2}.Debug|Any CPU.ActiveCfg = Debug|Any CPU
		{4E08CE9B-DA62-2E97-4829-C1F156708CC2}.Debug|Any CPU.Build.0 = Debug|Any CPU
		{4E08CE9B-DA62-2E97-4829-C1F156708CC2}.Release|Any CPU.ActiveCfg = Release|Any CPU
		{4E08CE9B-DA62-2E97-4829-C1F156708CC2}.Release|Any CPU.Build.0 = Release|Any CPU
		{69D07338-C8BC-6DC5-228E-515F472F7360}.Debug|Any CPU.ActiveCfg = Debug|Any CPU
		{69D07338-C8BC-6DC5-228E-515F472F7360}.Debug|Any CPU.Build.0 = Debug|Any CPU
		{69D07338-C8BC-6DC5-228E-515F472F7360}.Release|Any CPU.ActiveCfg = Release|Any CPU
		{69D07338-C8BC-6DC5-228E-515F472F7360}.Release|Any CPU.Build.0 = Release|Any CPU
		{B8688A36-6374-74C7-B5BF-53370F8F5701}.Debug|Any CPU.ActiveCfg = Debug|Any CPU
		{B8688A36-6374-74C7-B5BF-53370F8F5701}.Debug|Any CPU.Build.0 = Debug|Any CPU
		{B8688A36-6374-74C7-B5BF-53370F8F5701}.Release|Any CPU.ActiveCfg = Release|Any CPU
		{B8688A36-6374-74C7-B5BF-53370F8F5701}.Release|Any CPU.Build.0 = Release|Any CPU
		{DF5F495D-793A-6D21-166F-17D84D0DEA2F}.Debug|Any CPU.ActiveCfg = Debug|Any CPU
		{DF5F495D-793A-6D21-166F-17D84D0DEA2F}.Debug|Any CPU.Build.0 = Debug|Any CPU
		{DF5F495D-793A-6D21-166F-17D84D0DEA2F}.Release|Any CPU.ActiveCfg = Release|Any CPU
		{DF5F495D-793A-6D21-166F-17D84D0DEA2F}.Release|Any CPU.Build.0 = Release|Any CPU
		{7D924593-E6A3-DF78-8357-F75ECFCB1E5D}.Debug|Any CPU.ActiveCfg = Debug|Any CPU
		{7D924593-E6A3-DF78-8357-F75ECFCB1E5D}.Debug|Any CPU.Build.0 = Debug|Any CPU
		{7D924593-E6A3-DF78-8357-F75ECFCB1E5D}.Release|Any CPU.ActiveCfg = Release|Any CPU
		{7D924593-E6A3-DF78-8357-F75ECFCB1E5D}.Release|Any CPU.Build.0 = Release|Any CPU
		{232349D9-E81B-6697-07DF-7DCFCBFB0950}.Debug|Any CPU.ActiveCfg = Debug|Any CPU
		{232349D9-E81B-6697-07DF-7DCFCBFB0950}.Debug|Any CPU.Build.0 = Debug|Any CPU
		{232349D9-E81B-6697-07DF-7DCFCBFB0950}.Release|Any CPU.ActiveCfg = Release|Any CPU
		{232349D9-E81B-6697-07DF-7DCFCBFB0950}.Release|Any CPU.Build.0 = Release|Any CPU
		{2A24AAA5-CA46-8B17-3D5E-FEEC1EF1B11A}.Debug|Any CPU.ActiveCfg = Debug|Any CPU
		{2A24AAA5-CA46-8B17-3D5E-FEEC1EF1B11A}.Debug|Any CPU.Build.0 = Debug|Any CPU
		{2A24AAA5-CA46-8B17-3D5E-FEEC1EF1B11A}.Release|Any CPU.ActiveCfg = Release|Any CPU
		{2A24AAA5-CA46-8B17-3D5E-FEEC1EF1B11A}.Release|Any CPU.Build.0 = Release|Any CPU
		{B08E4E5B-6238-3B34-6499-6C8A5E5DE8D4}.Debug|Any CPU.ActiveCfg = Debug|Any CPU
		{B08E4E5B-6238-3B34-6499-6C8A5E5DE8D4}.Debug|Any CPU.Build.0 = Debug|Any CPU
		{B08E4E5B-6238-3B34-6499-6C8A5E5DE8D4}.Release|Any CPU.ActiveCfg = Release|Any CPU
		{B08E4E5B-6238-3B34-6499-6C8A5E5DE8D4}.Release|Any CPU.Build.0 = Release|Any CPU
		{92BB55CC-A2EB-6D3F-5C87-71A82DF9BBE3}.Debug|Any CPU.ActiveCfg = Debug|Any CPU
		{92BB55CC-A2EB-6D3F-5C87-71A82DF9BBE3}.Debug|Any CPU.Build.0 = Debug|Any CPU
		{92BB55CC-A2EB-6D3F-5C87-71A82DF9BBE3}.Release|Any CPU.ActiveCfg = Release|Any CPU
		{92BB55CC-A2EB-6D3F-5C87-71A82DF9BBE3}.Release|Any CPU.Build.0 = Release|Any CPU
		{F7A82F8C-4372-ADE8-A39F-759FF102EEDA}.Debug|Any CPU.ActiveCfg = Debug|Any CPU
		{F7A82F8C-4372-ADE8-A39F-759FF102EEDA}.Debug|Any CPU.Build.0 = Debug|Any CPU
		{F7A82F8C-4372-ADE8-A39F-759FF102EEDA}.Release|Any CPU.ActiveCfg = Release|Any CPU
		{F7A82F8C-4372-ADE8-A39F-759FF102EEDA}.Release|Any CPU.Build.0 = Release|Any CPU
		{84ADAF1B-F5CD-F2F4-E9C9-D7E09118154C}.Debug|Any CPU.ActiveCfg = Debug|Any CPU
		{84ADAF1B-F5CD-F2F4-E9C9-D7E09118154C}.Debug|Any CPU.Build.0 = Debug|Any CPU
		{84ADAF1B-F5CD-F2F4-E9C9-D7E09118154C}.Release|Any CPU.ActiveCfg = Release|Any CPU
		{84ADAF1B-F5CD-F2F4-E9C9-D7E09118154C}.Release|Any CPU.Build.0 = Release|Any CPU
		{5F373CD8-3C06-26C1-3F62-F35C39790642}.Debug|Any CPU.ActiveCfg = Debug|Any CPU
		{5F373CD8-3C06-26C1-3F62-F35C39790642}.Debug|Any CPU.Build.0 = Debug|Any CPU
		{5F373CD8-3C06-26C1-3F62-F35C39790642}.Release|Any CPU.ActiveCfg = Release|Any CPU
		{5F373CD8-3C06-26C1-3F62-F35C39790642}.Release|Any CPU.Build.0 = Release|Any CPU
		{39E484A0-46ED-029F-84E7-8D3395826604}.Debug|Any CPU.ActiveCfg = Debug|Any CPU
		{39E484A0-46ED-029F-84E7-8D3395826604}.Debug|Any CPU.Build.0 = Debug|Any CPU
		{39E484A0-46ED-029F-84E7-8D3395826604}.Release|Any CPU.ActiveCfg = Release|Any CPU
		{39E484A0-46ED-029F-84E7-8D3395826604}.Release|Any CPU.Build.0 = Release|Any CPU
		{0629B789-72A1-60E7-E253-562F401E0387}.Debug|Any CPU.ActiveCfg = Debug|Any CPU
		{0629B789-72A1-60E7-E253-562F401E0387}.Debug|Any CPU.Build.0 = Debug|Any CPU
		{0629B789-72A1-60E7-E253-562F401E0387}.Release|Any CPU.ActiveCfg = Release|Any CPU
		{0629B789-72A1-60E7-E253-562F401E0387}.Release|Any CPU.Build.0 = Release|Any CPU
		{FCB6AA48-DEFA-C386-84AB-3BE00B6A58D9}.Debug|Any CPU.ActiveCfg = Debug|Any CPU
		{FCB6AA48-DEFA-C386-84AB-3BE00B6A58D9}.Debug|Any CPU.Build.0 = Debug|Any CPU
		{FCB6AA48-DEFA-C386-84AB-3BE00B6A58D9}.Release|Any CPU.ActiveCfg = Release|Any CPU
		{FCB6AA48-DEFA-C386-84AB-3BE00B6A58D9}.Release|Any CPU.Build.0 = Release|Any CPU
		{201A6619-9DF5-0287-5A64-8833C4C52ABD}.Debug|Any CPU.ActiveCfg = Debug|Any CPU
		{201A6619-9DF5-0287-5A64-8833C4C52ABD}.Debug|Any CPU.Build.0 = Debug|Any CPU
		{201A6619-9DF5-0287-5A64-8833C4C52ABD}.Release|Any CPU.ActiveCfg = Release|Any CPU
		{201A6619-9DF5-0287-5A64-8833C4C52ABD}.Release|Any CPU.Build.0 = Release|Any CPU
		{887851F2-53BB-5B82-1836-71DD22395AD2}.Debug|Any CPU.ActiveCfg = Debug|Any CPU
		{887851F2-53BB-5B82-1836-71DD22395AD2}.Debug|Any CPU.Build.0 = Debug|Any CPU
		{887851F2-53BB-5B82-1836-71DD22395AD2}.Release|Any CPU.ActiveCfg = Release|Any CPU
		{887851F2-53BB-5B82-1836-71DD22395AD2}.Release|Any CPU.Build.0 = Release|Any CPU
		{78B11AE5-31F6-58E7-7FDE-C91442E4CBE2}.Debug|Any CPU.ActiveCfg = Debug|Any CPU
		{78B11AE5-31F6-58E7-7FDE-C91442E4CBE2}.Debug|Any CPU.Build.0 = Debug|Any CPU
		{78B11AE5-31F6-58E7-7FDE-C91442E4CBE2}.Release|Any CPU.ActiveCfg = Release|Any CPU
		{78B11AE5-31F6-58E7-7FDE-C91442E4CBE2}.Release|Any CPU.Build.0 = Release|Any CPU
		{EFDCA66A-BD2D-9C99-31CD-A22150F9A864}.Debug|Any CPU.ActiveCfg = Debug|Any CPU
		{EFDCA66A-BD2D-9C99-31CD-A22150F9A864}.Debug|Any CPU.Build.0 = Debug|Any CPU
		{EFDCA66A-BD2D-9C99-31CD-A22150F9A864}.Release|Any CPU.ActiveCfg = Release|Any CPU
		{EFDCA66A-BD2D-9C99-31CD-A22150F9A864}.Release|Any CPU.Build.0 = Release|Any CPU
		{4FC50A30-652A-13BA-E596-0EF34F013BEC}.Debug|Any CPU.ActiveCfg = Debug|Any CPU
		{4FC50A30-652A-13BA-E596-0EF34F013BEC}.Debug|Any CPU.Build.0 = Debug|Any CPU
		{4FC50A30-652A-13BA-E596-0EF34F013BEC}.Release|Any CPU.ActiveCfg = Release|Any CPU
		{4FC50A30-652A-13BA-E596-0EF34F013BEC}.Release|Any CPU.Build.0 = Release|Any CPU
		{0E111239-1848-1444-11E2-C6A2DFEDF979}.Debug|Any CPU.ActiveCfg = Debug|Any CPU
		{0E111239-1848-1444-11E2-C6A2DFEDF979}.Debug|Any CPU.Build.0 = Debug|Any CPU
		{0E111239-1848-1444-11E2-C6A2DFEDF979}.Release|Any CPU.ActiveCfg = Release|Any CPU
		{0E111239-1848-1444-11E2-C6A2DFEDF979}.Release|Any CPU.Build.0 = Release|Any CPU
		{B436B205-3FFD-C30F-5CCF-456863A61CFB}.Debug|Any CPU.ActiveCfg = Debug|Any CPU
		{B436B205-3FFD-C30F-5CCF-456863A61CFB}.Debug|Any CPU.Build.0 = Debug|Any CPU
		{B436B205-3FFD-C30F-5CCF-456863A61CFB}.Release|Any CPU.ActiveCfg = Release|Any CPU
		{B436B205-3FFD-C30F-5CCF-456863A61CFB}.Release|Any CPU.Build.0 = Release|Any CPU
		{B36854BC-168B-62B6-2469-1C4BAD23BE75}.Debug|Any CPU.ActiveCfg = Debug|Any CPU
		{B36854BC-168B-62B6-2469-1C4BAD23BE75}.Debug|Any CPU.Build.0 = Debug|Any CPU
		{B36854BC-168B-62B6-2469-1C4BAD23BE75}.Release|Any CPU.ActiveCfg = Release|Any CPU
		{B36854BC-168B-62B6-2469-1C4BAD23BE75}.Release|Any CPU.Build.0 = Release|Any CPU
		{3829E026-4F7D-625F-74A1-1E35F5E0A3F8}.Debug|Any CPU.ActiveCfg = Debug|Any CPU
		{3829E026-4F7D-625F-74A1-1E35F5E0A3F8}.Debug|Any CPU.Build.0 = Debug|Any CPU
		{3829E026-4F7D-625F-74A1-1E35F5E0A3F8}.Release|Any CPU.ActiveCfg = Release|Any CPU
		{3829E026-4F7D-625F-74A1-1E35F5E0A3F8}.Release|Any CPU.Build.0 = Release|Any CPU
		{D9D67097-3EEC-05B9-9F3C-962740F9310A}.Debug|Any CPU.ActiveCfg = Debug|Any CPU
		{D9D67097-3EEC-05B9-9F3C-962740F9310A}.Debug|Any CPU.Build.0 = Debug|Any CPU
		{D9D67097-3EEC-05B9-9F3C-962740F9310A}.Release|Any CPU.ActiveCfg = Release|Any CPU
		{D9D67097-3EEC-05B9-9F3C-962740F9310A}.Release|Any CPU.Build.0 = Release|Any CPU
		{4BB84D1D-AB1A-FB5C-9C5E-348767804080}.Debug|Any CPU.ActiveCfg = Debug|Any CPU
		{4BB84D1D-AB1A-FB5C-9C5E-348767804080}.Debug|Any CPU.Build.0 = Debug|Any CPU
		{4BB84D1D-AB1A-FB5C-9C5E-348767804080}.Release|Any CPU.ActiveCfg = Release|Any CPU
		{4BB84D1D-AB1A-FB5C-9C5E-348767804080}.Release|Any CPU.Build.0 = Release|Any CPU
		{116A407D-D7BB-19FE-BD0E-CBA518010CE6}.Debug|Any CPU.ActiveCfg = Debug|Any CPU
		{116A407D-D7BB-19FE-BD0E-CBA518010CE6}.Debug|Any CPU.Build.0 = Debug|Any CPU
		{116A407D-D7BB-19FE-BD0E-CBA518010CE6}.Release|Any CPU.ActiveCfg = Release|Any CPU
		{116A407D-D7BB-19FE-BD0E-CBA518010CE6}.Release|Any CPU.Build.0 = Release|Any CPU
		{C75660EE-8FC1-3CCD-D028-6CE031FCA1EE}.Debug|Any CPU.ActiveCfg = Debug|Any CPU
		{C75660EE-8FC1-3CCD-D028-6CE031FCA1EE}.Debug|Any CPU.Build.0 = Debug|Any CPU
		{C75660EE-8FC1-3CCD-D028-6CE031FCA1EE}.Release|Any CPU.ActiveCfg = Release|Any CPU
		{C75660EE-8FC1-3CCD-D028-6CE031FCA1EE}.Release|Any CPU.Build.0 = Release|Any CPU
		{803DDE4E-0BE2-933A-7A4B-14FEAB0D65DC}.Debug|Any CPU.ActiveCfg = Debug|Any CPU
		{803DDE4E-0BE2-933A-7A4B-14FEAB0D65DC}.Debug|Any CPU.Build.0 = Debug|Any CPU
		{803DDE4E-0BE2-933A-7A4B-14FEAB0D65DC}.Release|Any CPU.ActiveCfg = Release|Any CPU
		{803DDE4E-0BE2-933A-7A4B-14FEAB0D65DC}.Release|Any CPU.Build.0 = Release|Any CPU
		{BA276C96-79DE-4735-67C8-5477FAA6B09A}.Debug|Any CPU.ActiveCfg = Debug|Any CPU
		{BA276C96-79DE-4735-67C8-5477FAA6B09A}.Debug|Any CPU.Build.0 = Debug|Any CPU
		{BA276C96-79DE-4735-67C8-5477FAA6B09A}.Release|Any CPU.ActiveCfg = Release|Any CPU
		{BA276C96-79DE-4735-67C8-5477FAA6B09A}.Release|Any CPU.Build.0 = Release|Any CPU
		{EF980567-3753-C8D0-100C-59704CE71E92}.Debug|Any CPU.ActiveCfg = Debug|Any CPU
		{EF980567-3753-C8D0-100C-59704CE71E92}.Debug|Any CPU.Build.0 = Debug|Any CPU
		{EF980567-3753-C8D0-100C-59704CE71E92}.Release|Any CPU.ActiveCfg = Release|Any CPU
		{EF980567-3753-C8D0-100C-59704CE71E92}.Release|Any CPU.Build.0 = Release|Any CPU
		{A99750F0-B838-6F48-4B90-B170E5960F53}.Debug|Any CPU.ActiveCfg = Debug|Any CPU
		{A99750F0-B838-6F48-4B90-B170E5960F53}.Debug|Any CPU.Build.0 = Debug|Any CPU
		{A99750F0-B838-6F48-4B90-B170E5960F53}.Release|Any CPU.ActiveCfg = Release|Any CPU
		{A99750F0-B838-6F48-4B90-B170E5960F53}.Release|Any CPU.Build.0 = Release|Any CPU
		{7E1D3D9F-B8AB-7E0F-4649-721987A80402}.Debug|Any CPU.ActiveCfg = Debug|Any CPU
		{7E1D3D9F-B8AB-7E0F-4649-721987A80402}.Debug|Any CPU.Build.0 = Debug|Any CPU
		{7E1D3D9F-B8AB-7E0F-4649-721987A80402}.Release|Any CPU.ActiveCfg = Release|Any CPU
		{7E1D3D9F-B8AB-7E0F-4649-721987A80402}.Release|Any CPU.Build.0 = Release|Any CPU
		{6A796F51-F7F5-6DFC-5B07-DF2035545FF2}.Debug|Any CPU.ActiveCfg = Debug|Any CPU
		{6A796F51-F7F5-6DFC-5B07-DF2035545FF2}.Debug|Any CPU.Build.0 = Debug|Any CPU
		{6A796F51-F7F5-6DFC-5B07-DF2035545FF2}.Release|Any CPU.ActiveCfg = Release|Any CPU
		{6A796F51-F7F5-6DFC-5B07-DF2035545FF2}.Release|Any CPU.Build.0 = Release|Any CPU
		{A25341D9-C2FE-0444-4BF6-41010C09984C}.Debug|Any CPU.ActiveCfg = Debug|Any CPU
		{A25341D9-C2FE-0444-4BF6-41010C09984C}.Debug|Any CPU.Build.0 = Debug|Any CPU
		{A25341D9-C2FE-0444-4BF6-41010C09984C}.Release|Any CPU.ActiveCfg = Release|Any CPU
		{A25341D9-C2FE-0444-4BF6-41010C09984C}.Release|Any CPU.Build.0 = Release|Any CPU
		{46662434-606A-49B9-281B-0BF56518D828}.Debug|Any CPU.ActiveCfg = Debug|Any CPU
		{46662434-606A-49B9-281B-0BF56518D828}.Debug|Any CPU.Build.0 = Debug|Any CPU
		{46662434-606A-49B9-281B-0BF56518D828}.Release|Any CPU.ActiveCfg = Release|Any CPU
		{46662434-606A-49B9-281B-0BF56518D828}.Release|Any CPU.Build.0 = Release|Any CPU
		{634874B9-5853-5FC3-0CAD-7CE8BB88A230}.Debug|Any CPU.ActiveCfg = Debug|Any CPU
		{634874B9-5853-5FC3-0CAD-7CE8BB88A230}.Debug|Any CPU.Build.0 = Debug|Any CPU
		{634874B9-5853-5FC3-0CAD-7CE8BB88A230}.Release|Any CPU.ActiveCfg = Release|Any CPU
		{634874B9-5853-5FC3-0CAD-7CE8BB88A230}.Release|Any CPU.Build.0 = Release|Any CPU
		{A72EAE78-995F-5504-15CD-6F618CD0CBC3}.Debug|Any CPU.ActiveCfg = Debug|Any CPU
		{A72EAE78-995F-5504-15CD-6F618CD0CBC3}.Debug|Any CPU.Build.0 = Debug|Any CPU
		{A72EAE78-995F-5504-15CD-6F618CD0CBC3}.Release|Any CPU.ActiveCfg = Release|Any CPU
		{A72EAE78-995F-5504-15CD-6F618CD0CBC3}.Release|Any CPU.Build.0 = Release|Any CPU
	EndGlobalSection
	GlobalSection(SolutionProperties) = preSolution
		HideSolutionNode = FALSE
	EndGlobalSection
EndGlobal
